{
  "name": "running_scheduler",
  "version": "1.0.0",
  "lockfileVersion": 1,
  "requires": true,
  "dependencies": {
    "adler-32": {
      "version": "1.2.0",
      "resolved": "https://registry.npmjs.org/adler-32/-/adler-32-1.2.0.tgz",
      "integrity": "sha1-aj5r8KY5ALoVZSgIyxXGgT0aXyU=",
      "requires": {
        "exit-on-epipe": "~1.0.1",
        "printj": "~1.1.0"
      }
    },
    "cfb": {
      "version": "1.1.0",
      "resolved": "https://registry.npmjs.org/cfb/-/cfb-1.1.0.tgz",
      "integrity": "sha512-ZqfxNGWTMKhd0a/n6YKJLq8hWbd5kR3cA4kXwUj9vVEdHlwJ09werR8gN15Z7Y1FTXqdD6dE3GGCxv4uc28raA==",
      "requires": {
        "adler-32": "~1.2.0",
        "commander": "^2.16.0",
        "crc-32": "~1.2.0",
        "printj": "~1.1.2"
      }
    },
    "codepage": {
      "version": "1.14.0",
      "resolved": "https://registry.npmjs.org/codepage/-/codepage-1.14.0.tgz",
      "integrity": "sha1-jL4lSBMjVZ19MHVxsP/5HnodL5k=",
      "requires": {
        "commander": "~2.14.1",
        "exit-on-epipe": "~1.0.1"
      },
      "dependencies": {
        "commander": {
          "version": "2.14.1",
          "resolved": "https://registry.npmjs.org/commander/-/commander-2.14.1.tgz",
          "integrity": "sha512-+YR16o3rK53SmWHU3rEM3tPAh2rwb1yPcQX5irVn7mb0gXbwuCCrnkbV5+PBfETdfg1vui07nM6PCG1zndcjQw=="
        }
      }
    },
    "commander": {
      "version": "2.17.1",
      "resolved": "https://registry.npmjs.org/commander/-/commander-2.17.1.tgz",
      "integrity": "sha512-wPMUt6FnH2yzG95SA6mzjQOEKUU3aLaDEmzs1ti+1E9h+CsrZghRlqEM/EJ4KscsQVG8uNN4uVreUeT8+drlgg=="
    },
    "crc-32": {
      "version": "1.2.0",
      "resolved": "https://registry.npmjs.org/crc-32/-/crc-32-1.2.0.tgz",
      "integrity": "sha512-1uBwHxF+Y/4yF5G48fwnKq6QsIXheor3ZLPT80yGBV1oEUwpPojlEhQbWKVw1VwcTQyMGHK1/XMmTjmlsmTTGA==",
      "requires": {
        "exit-on-epipe": "~1.0.1",
        "printj": "~1.1.0"
      }
    },
    "csv": {
      "version": "5.1.0",
      "resolved": "https://registry.npmjs.org/csv/-/csv-5.1.0.tgz",
      "integrity": "sha512-LxTpi0H3VAf/f4cYBWwIqESI/UsXKowMLkV6Tz7uKCysQcN9ILi8l5rHHRduym9DcDR9rMAoZs6TLO8VwJRRtw==",
      "requires": {
        "csv-generate": "^3.2.0",
        "csv-parse": "^4.3.0",
        "csv-stringify": "^5.1.2",
        "stream-transform": "^1.0.8"
      }
    },
    "csv-generate": {
      "version": "3.2.0",
      "resolved": "https://registry.npmjs.org/csv-generate/-/csv-generate-3.2.0.tgz",
      "integrity": "sha512-ZdS2KrgoLxm1guL9XhuaZX223Tiorldvl9QC0M/gihcrJavNDokAp/rX3CyyRHpK+rImxEE3L47cHe7npQMkkg=="
    },
    "csv-parse": {
      "version": "4.3.0",
      "resolved": "https://registry.npmjs.org/csv-parse/-/csv-parse-4.3.0.tgz",
      "integrity": "sha512-vrZTSMG/6a5EI30ICFU8IQ1kR3xXXoC3Z7jaUv76E5uCgFahr2sffRoTAffvEd1JZNssAgalI4DaEFUnXqQCGw=="
    },
    "csv-stringify": {
      "version": "5.1.2",
      "resolved": "https://registry.npmjs.org/csv-stringify/-/csv-stringify-5.1.2.tgz",
      "integrity": "sha512-rvNEMy8IwVe/gnCjnF4a/3cxKPm8oaAZEBB8RIzlx9HcNrLrn3NlgacUIFZBRH86tKF76WVA13nkFF0mX7G2EQ==",
      "requires": {
        "lodash.get": "~4.4.2"
      }
    },
    "exit-on-epipe": {
      "version": "1.0.1",
      "resolved": "https://registry.npmjs.org/exit-on-epipe/-/exit-on-epipe-1.0.1.tgz",
      "integrity": "sha512-h2z5mrROTxce56S+pnvAV890uu7ls7f1kEvVGJbw1OlFH3/mlJ5bkXu0KRyW94v37zzHPiUd55iLn3DA7TjWpw=="
    },
    "frac": {
      "version": "1.1.2",
      "resolved": "https://registry.npmjs.org/frac/-/frac-1.1.2.tgz",
      "integrity": "sha512-w/XBfkibaTl3YDqASwfDUqkna4Z2p9cFSr1aHDt0WoMTECnRfBOv2WArlZILlqgWlmdIlALXGpM2AOhEk5W3IA=="
    },
    "ical-generator": {
      "version": "1.4.3",
      "resolved": "https://registry.npmjs.org/ical-generator/-/ical-generator-1.4.3.tgz",
      "integrity": "sha512-h4cRyX8X2xqEW2QwJSzjRz5j3di56MpGV6gE7occwnYonBJzIrLBTeIBJQs/BT9MYggo9Qyrr0wz9zPuMCJBZw==",
      "requires": {
        "moment-timezone": "^0.5.23"
      }
    },
    "lodash": {
      "version": "4.17.11",
      "resolved": "https://registry.npmjs.org/lodash/-/lodash-4.17.11.tgz",
      "integrity": "sha512-cQKh8igo5QUhZ7lg38DYWAxMvjSAKG0A8wGSVimP07SIUEK2UO+arSRKbRZWtelMtN5V0Hkwh5ryOto/SshYIg=="
    },
    "lodash.get": {
      "version": "4.4.2",
      "resolved": "https://registry.npmjs.org/lodash.get/-/lodash.get-4.4.2.tgz",
      "integrity": "sha1-LRd/ZS+jHpObRDjVNBSZ36OCXpk="
    },
    "moment": {
      "version": "2.23.0",
      "resolved": "https://registry.npmjs.org/moment/-/moment-2.23.0.tgz",
      "integrity": "sha512-3IE39bHVqFbWWaPOMHZF98Q9c3LDKGTmypMiTM2QygGXXElkFWIH7GxfmlwmY2vwa+wmNsoYZmG2iusf1ZjJoA=="
    },
    "moment-timezone": {
      "version": "0.5.23",
      "resolved": "https://registry.npmjs.org/moment-timezone/-/moment-timezone-0.5.23.tgz",
      "integrity": "sha512-WHFH85DkCfiNMDX5D3X7hpNH3/PUhjTGcD0U1SgfBGZxJ3qUmJh5FdvaFjcClxOvB3rzdfj4oRffbI38jEnC1w==",
      "requires": {
        "moment": ">= 2.9.0"
      }
    },
    "printj": {
      "version": "1.1.2",
      "resolved": "https://registry.npmjs.org/printj/-/printj-1.1.2.tgz",
      "integrity": "sha512-zA2SmoLaxZyArQTOPj5LXecR+RagfPSU5Kw1qP+jkWeNlrq+eJZyY2oS68SU1Z/7/myXM4lo9716laOFAVStCQ=="
    },
    "ssf": {
      "version": "0.10.2",
      "resolved": "https://registry.npmjs.org/ssf/-/ssf-0.10.2.tgz",
      "integrity": "sha512-rDhAPm9WyIsY8eZEKyE8Qsotb3j/wBdvMWBUsOhJdfhKGLfQidRjiBUV0y/MkyCLiXQ38FG6LWW/VYUtqlIDZQ==",
      "requires": {
        "frac": "~1.1.2"
      }
    },
    "stream-transform": {
      "version": "1.0.8",
      "resolved": "https://registry.npmjs.org/stream-transform/-/stream-transform-1.0.8.tgz",
      "integrity": "sha512-1q+dL790Ps0NV33rISMq9OLtfDA9KMJZdo1PHZXE85orrWsM4FAh8CVyAOTHO0rhyeM138KNPngBPrx33bFsxw=="
    },
    "xlsx": {
      "version": "0.14.1",
      "resolved": "https://registry.npmjs.org/xlsx/-/xlsx-0.14.1.tgz",
      "integrity": "sha512-7hjB5YuyJo1fuuzXQjwuxD8LSUzE4Rxu5ToC3fB5JSunZxGjLcgKg69bEFG9GYoxeVDx5GL0k1dUodlvaQNRQw==",
      "requires": {
        "adler-32": "~1.2.0",
        "cfb": "^1.1.0",
        "codepage": "~1.14.0",
        "commander": "~2.17.1",
        "crc-32": "~1.2.0",
        "exit-on-epipe": "~1.0.1",
        "ssf": "~0.10.2"
      }
    }
  }
}
